
Microsoft Visual Studio Solution File, Format Version 12.00
# Visual Studio Version 17
VisualStudioVersion = 17.4.33213.308
MinimumVisualStudioVersion = 10.0.40219.1
Project("{FAE04EC0-301F-11D3-BF4B-00C04F79EFBC}") = "TRPONet5", "TRPONet5\TRPONet5.csproj", "{CD06DE35-1BEA-4884-9317-23E5AEA1BEF3}"
EndProject
Global
	GlobalSection(SolutionConfigurationPlatforms) = preSolution
		Debug|Any CPU = Debug|Any CPU
		Release|Any CPU = Release|Any CPU
	EndGlobalSection
	GlobalSection(ProjectConfigurationPlatforms) = postSolution
		{CD06DE35-1BEA-4884-9317-23E5AEA1BEF3}.Debug|Any CPU.ActiveCfg = Debug|Any CPU
		{CD06DE35-1BEA-4884-9317-23E5AEA1BEF3}.Debug|Any CPU.Build.0 = Debug|Any CPU
		{CD06DE35-1BEA-4884-9317-23E5AEA1BEF3}.Release|Any CPU.ActiveCfg = Release|Any CPU
		{CD06DE35-1BEA-4884-9317-23E5AEA1BEF3}.Release|Any CPU.Build.0 = Release|Any CPU
	EndGlobalSection
	GlobalSection(SolutionProperties) = preSolution
		HideSolutionNode = FALSE
	EndGlobalSection
	GlobalSection(ExtensibilityGlobals) = postSolution
		SolutionGuid = {3388D10A-1F88-475A-843D-610C107BA4E3}
	EndGlobalSection
EndGlobal
